// !$*UTF8*$!
{
	archiveVersion = 1;
	classes = {
	};
	objectVersion = 39;
	objects = {
		080E96DDFE201D6D7F000001 = {
			children = (
				0E1299820848EF5F003E297A,
				0E1299830848EF5F003E297A,
				0E27FD8408480F5900AC3B63,
				0E27FD8508480F5900AC3B63,
				77C8280B06725ACE000B614F,
				77C8280C06725ACE000B614F,
				0E6C5C8208371AC5002576C8,
				0E6C5C8308371AC5002576C8,
			);
			isa = PBXGroup;
			name = Classes;
			refType = 4;
			sourceTree = "<group>";
		};
		089C165CFE840E0CC02AAC07 = {
			children = (
				089C165DFE840E0CC02AAC07,
			);
			isa = PBXVariantGroup;
			name = InfoPlist.strings;
			refType = 4;
			sourceTree = "<group>";
		};
		089C165DFE840E0CC02AAC07 = {
			fileEncoding = 10;
			isa = PBXFileReference;
			lastKnownFileType = text.plist.strings;
			name = English;
			path = English.lproj/InfoPlist.strings;
			refType = 4;
			sourceTree = "<group>";
		};
//080
//081
//082
//083
//084
//0E0
//0E1
//0E2
//0E3
//0E4
		0E12990A0848DFDA003E297A = {
			children = (
				0E129A010848FB32003E297A,
				0E129A020848FB32003E297A,
				0E129A030848FB32003E297A,
				0E129A040848FB32003E297A,
				0E129A050848FB32003E297A,
				0E6C5C8508371B79002576C8,
				0E6C5C8608371B79002576C8,
				0E6E0F3E082992C700D8555F,
				0E6E0F3F082992C700D8555F,
				0E6E0F40082992C700D8555F,
				0E6E0F41082992C700D8555F,
			);
			isa = PBXGroup;
			name = "UI subclasses";
			refType = 4;
			sourceTree = "<group>";
		};
		0E1299820848EF5F003E297A = {
			fileEncoding = 4;
			isa = PBXFileReference;
			lastKnownFileType = sourcecode.c.h;
			path = Pinyin2Unicode.h;
			refType = 4;
			sourceTree = "<group>";
		};
		0E1299830848EF5F003E297A = {
			fileEncoding = 4;
			isa = PBXFileReference;
			lastKnownFileType = sourcecode.c.objc;
			path = Pinyin2Unicode.m;
			refType = 4;
			sourceTree = "<group>";
		};
		0E1299840848EF5F003E297A = {
			fileRef = 0E1299830848EF5F003E297A;
			isa = PBXBuildFile;
			settings = {
			};
		};
		0E129A010848FB32003E297A = {
			fileEncoding = 4;
			isa = PBXFileReference;
			lastKnownFileType = sourcecode.c.h;
			path = RowResizableTableView.h;
			refType = 4;
			sourceTree = "<group>";
		};
		0E129A020848FB32003E297A = {
			fileEncoding = 4;
			isa = PBXFileReference;
			lastKnownFileType = sourcecode.c.objc;
			path = RowResizableTableView.m;
			refType = 4;
			sourceTree = "<group>";
		};
		0E129A030848FB32003E297A = {
			fileEncoding = 4;
			isa = PBXFileReference;
			lastKnownFileType = sourcecode.c.h;
			path = RowResizableViewImplementation.h;
			refType = 4;
			sourceTree = "<group>";
		};
		0E129A040848FB32003E297A = {
			fileEncoding = 4;
			isa = PBXFileReference;
			lastKnownFileType = sourcecode.c.h;
			path = RowResizableViewMethods.h;
			refType = 4;
			sourceTree = "<group>";
		};
		0E129A050848FB32003E297A = {
			fileEncoding = 4;
			isa = PBXFileReference;
			lastKnownFileType = sourcecode.c.h;
			path = RowResizableViewVars.h;
			refType = 4;
			sourceTree = "<group>";
		};
		0E129A060848FB32003E297A = {
			fileRef = 0E129A020848FB32003E297A;
			isa = PBXBuildFile;
			settings = {
			};
		};
		0E1F661C084A66A700A77847 = {
			isa = PBXFileReference;
			lastKnownFileType = image.icns;
			path = cidian.icns;
			refType = 4;
			sourceTree = "<group>";
		};
		0E1F661D084A66A700A77847 = {
			fileRef = 0E1F661C084A66A700A77847;
			isa = PBXBuildFile;
			settings = {
			};
		};
		0E1F665F084A7B0700A77847 = {
			isa = PBXFileReference;
			lastKnownFileType = text.rtf;
			path = Credits.rtf;
			refType = 4;
			sourceTree = "<group>";
		};
		0E1F6660084A7B0700A77847 = {
			fileRef = 0E1F665F084A7B0700A77847;
			isa = PBXBuildFile;
			settings = {
			};
		};
		0E27FD6D0847E33800AC3B63 = {
			isa = PBXFileReference;
			lastKnownFileType = file;
			path = CocoaCEDICT.cedictsql;
			refType = 4;
			sourceTree = "<group>";
		};
		0E27FD6E0847E33800AC3B63 = {
			fileRef = 0E27FD6D0847E33800AC3B63;
			isa = PBXBuildFile;
			settings = {
			};
		};
		0E27FD8408480F5900AC3B63 = {
			fileEncoding = 4;
			isa = PBXFileReference;
			lastKnownFileType = sourcecode.c.h;
			path = CocoaCEDICTTableViewHelper.h;
			refType = 4;
			sourceTree = "<group>";
		};
		0E27FD8508480F5900AC3B63 = {
			fileEncoding = 4;
			isa = PBXFileReference;
			lastKnownFileType = sourcecode.c.objc;
			path = CocoaCEDICTTableViewHelper.m;
			refType = 4;
			sourceTree = "<group>";
		};
		0E27FD8608480F5900AC3B63 = {
			fileRef = 0E27FD8508480F5900AC3B63;
			isa = PBXBuildFile;
			settings = {
			};
		};
		0E6C5C8208371AC5002576C8 = {
			fileEncoding = 4;
			isa = PBXFileReference;
			lastKnownFileType = sourcecode.c.h;
			path = History.h;
			refType = 4;
			sourceTree = "<group>";
		};
		0E6C5C8308371AC5002576C8 = {
			fileEncoding = 4;
			isa = PBXFileReference;
			lastKnownFileType = sourcecode.c.objc;
			path = History.m;
			refType = 4;
			sourceTree = "<group>";
		};
		0E6C5C8408371AC5002576C8 = {
			fileRef = 0E6C5C8308371AC5002576C8;
			isa = PBXBuildFile;
			settings = {
			};
		};
		0E6C5C8508371B79002576C8 = {
			fileEncoding = 4;
			isa = PBXFileReference;
			lastKnownFileType = sourcecode.c.h;
			path = ArrowButton.h;
			refType = 4;
			sourceTree = "<group>";
		};
		0E6C5C8608371B79002576C8 = {
			fileEncoding = 4;
			isa = PBXFileReference;
			lastKnownFileType = sourcecode.c.objc;
			path = ArrowButton.m;
			refType = 4;
			sourceTree = "<group>";
		};
		0E6C5C8708371B79002576C8 = {
			fileRef = 0E6C5C8608371B79002576C8;
			isa = PBXBuildFile;
			settings = {
			};
		};
		0E6E0F3E082992C700D8555F = {
			fileEncoding = 4;
			isa = PBXFileReference;
			lastKnownFileType = sourcecode.c.h;
			path = MenuedTableView.h;
			refType = 4;
			sourceTree = "<group>";
		};
		0E6E0F3F082992C700D8555F = {
			fileEncoding = 4;
			isa = PBXFileReference;
			lastKnownFileType = sourcecode.c.objc;
			path = MenuedTableView.m;
			refType = 4;
			sourceTree = "<group>";
		};
		0E6E0F40082992C700D8555F = {
			fileEncoding = 4;
			isa = PBXFileReference;
			lastKnownFileType = sourcecode.c.h;
			path = MenuTableColumn.h;
			refType = 4;
			sourceTree = "<group>";
		};
		0E6E0F41082992C700D8555F = {
			fileEncoding = 4;
			isa = PBXFileReference;
			lastKnownFileType = sourcecode.c.objc;
			path = MenuTableColumn.m;
			refType = 4;
			sourceTree = "<group>";
		};
		0E6E0F42082992C700D8555F = {
			fileRef = 0E6E0F3F082992C700D8555F;
			isa = PBXBuildFile;
			settings = {
			};
		};
		0E6E0F43082992C700D8555F = {
			fileRef = 0E6E0F41082992C700D8555F;
			isa = PBXBuildFile;
			settings = {
			};
		};
		0E6E0F44082992F200D8555F = {
			isa = PBXFileReference;
			lastKnownFileType = image.tiff;
			path = Back.tif;
			refType = 4;
			sourceTree = "<group>";
		};
		0E6E0F45082992F200D8555F = {
			isa = PBXFileReference;
			lastKnownFileType = image.tiff;
			path = BackDisabled.tif;
			refType = 4;
			sourceTree = "<group>";
		};
		0E6E0F46082992F200D8555F = {
			isa = PBXFileReference;
			lastKnownFileType = image.tiff;
			path = BackPressed.tif;
			refType = 4;
			sourceTree = "<group>";
		};
		0E6E0F47082992F200D8555F = {
			isa = PBXFileReference;
			lastKnownFileType = image.tiff;
			path = Forward.tif;
			refType = 4;
			sourceTree = "<group>";
		};
		0E6E0F48082992F200D8555F = {
			isa = PBXFileReference;
			lastKnownFileType = image.tiff;
			path = ForwardDisabled.tif;
			refType = 4;
			sourceTree = "<group>";
		};
		0E6E0F49082992F200D8555F = {
			isa = PBXFileReference;
			lastKnownFileType = image.tiff;
			path = ForwardPressed.tif;
			refType = 4;
			sourceTree = "<group>";
		};
		0E6E0F4A082992F200D8555F = {
			fileRef = 0E6E0F44082992F200D8555F;
			isa = PBXBuildFile;
			settings = {
			};
		};
		0E6E0F4B082992F200D8555F = {
			fileRef = 0E6E0F45082992F200D8555F;
			isa = PBXBuildFile;
			settings = {
			};
		};
		0E6E0F4C082992F200D8555F = {
			fileRef = 0E6E0F46082992F200D8555F;
			isa = PBXBuildFile;
			settings = {
			};
		};
		0E6E0F4D082992F200D8555F = {
			fileRef = 0E6E0F47082992F200D8555F;
			isa = PBXBuildFile;
			settings = {
			};
		};
		0E6E0F4E082992F200D8555F = {
			fileRef = 0E6E0F48082992F200D8555F;
			isa = PBXBuildFile;
			settings = {
			};
		};
		0E6E0F4F082992F200D8555F = {
			fileRef = 0E6E0F49082992F200D8555F;
			isa = PBXBuildFile;
			settings = {
			};
		};
		0EA04636084401080000ECC7 = {
			fileEncoding = 4;
			isa = PBXFileReference;
			lastKnownFileType = text;
			path = cedict_readme.txt;
			refType = 4;
			sourceTree = "<group>";
		};
		0EA04637084401080000ECC7 = {
			fileRef = 0EA04636084401080000ECC7;
			isa = PBXBuildFile;
			settings = {
			};
		};
		0EADF36D084BED0E00F0F2F9 = {
			fileEncoding = 4;
			isa = PBXFileReference;
			lastKnownFileType = text;
			path = COPYING;
			refType = 4;
			sourceTree = "<group>";
		};
		0EADF36E084BED0E00F0F2F9 = {
			fileRef = 0EADF36D084BED0E00F0F2F9;
			isa = PBXBuildFile;
			settings = {
			};
		};
//0E0
//0E1
//0E2
//0E3
//0E4
//100
//101
//102
//103
//104
		1058C7A0FEA54F0111CA2CBB = {
			children = (
				1058C7A1FEA54F0111CA2CBB,
			);
			isa = PBXGroup;
			name = "Linked Frameworks";
			refType = 4;
			sourceTree = "<group>";
		};
		1058C7A1FEA54F0111CA2CBB = {
			isa = PBXFileReference;
			lastKnownFileType = wrapper.framework;
			name = Cocoa.framework;
			path = /System/Library/Frameworks/Cocoa.framework;
			refType = 0;
			sourceTree = "<absolute>";
		};
		1058C7A2FEA54F0111CA2CBB = {
			children = (
				77C82804067257F0000B614F,
				29B97325FDCFA39411CA2CEA,
				29B97324FDCFA39411CA2CEA,
			);
			isa = PBXGroup;
			name = "Other Frameworks";
			refType = 4;
			sourceTree = "<group>";
		};
//100
//101
//102
//103
//104
//190
//191
//192
//193
//194
		19C28FACFE9D520D11CA2CBB = {
			children = (
				8D1107320486CEB800E47090,
			);
			isa = PBXGroup;
			name = Products;
			refType = 4;
			sourceTree = "<group>";
		};
//190
//191
//192
//193
//194
//290
//291
//292
//293
//294
		29B97313FDCFA39411CA2CEA = {
			buildSettings = {
			};
			buildStyles = (
				4A9504CCFFE6A4B311CA0CBA,
				4A9504CDFFE6A4B311CA0CBA,
			);
			hasScannedForEncodings = 1;
			isa = PBXProject;
			mainGroup = 29B97314FDCFA39411CA2CEA;
			projectDirPath = "";
			targets = (
				8D1107260486CEB800E47090,
			);
		};
		29B97314FDCFA39411CA2CEA = {
			children = (
				0EADF36D084BED0E00F0F2F9,
				7756732906782D8800D1FEB8,
				0E12990A0848DFDA003E297A,
				080E96DDFE201D6D7F000001,
				29B97315FDCFA39411CA2CEA,
				29B97317FDCFA39411CA2CEA,
				29B97323FDCFA39411CA2CEA,
				19C28FACFE9D520D11CA2CBB,
			);
			isa = PBXGroup;
			name = CocoaCEDICT;
			path = "";
			refType = 4;
			sourceTree = "<group>";
		};
		29B97315FDCFA39411CA2CEA = {
			children = (
				32CA4F630368D1EE00C91783,
				29B97316FDCFA39411CA2CEA,
			);
			isa = PBXGroup;
			name = "Other Sources";
			path = "";
			refType = 4;
			sourceTree = "<group>";
		};
		29B97316FDCFA39411CA2CEA = {
			fileEncoding = 4;
			isa = PBXFileReference;
			lastKnownFileType = sourcecode.c.objc;
			path = main.m;
			refType = 4;
			sourceTree = "<group>";
		};
		29B97317FDCFA39411CA2CEA = {
			children = (
				0E1F665F084A7B0700A77847,
				0E1F661C084A66A700A77847,
				0E27FD6D0847E33800AC3B63,
				0EA04636084401080000ECC7,
				0E6E0F44082992F200D8555F,
				0E6E0F45082992F200D8555F,
				0E6E0F46082992F200D8555F,
				0E6E0F47082992F200D8555F,
				0E6E0F48082992F200D8555F,
				0E6E0F49082992F200D8555F,
				8D1107310486CEB800E47090,
				089C165CFE840E0CC02AAC07,
				29B97318FDCFA39411CA2CEA,
			);
			isa = PBXGroup;
			name = Resources;
			path = "";
			refType = 4;
			sourceTree = "<group>";
		};
		29B97318FDCFA39411CA2CEA = {
			children = (
				29B97319FDCFA39411CA2CEA,
			);
			isa = PBXVariantGroup;
			name = MainMenu.nib;
			path = "";
			refType = 4;
			sourceTree = "<group>";
		};
		29B97319FDCFA39411CA2CEA = {
			isa = PBXFileReference;
			lastKnownFileType = wrapper.nib;
			name = English;
			path = English.lproj/MainMenu.nib;
			refType = 4;
			sourceTree = "<group>";
		};
		29B97323FDCFA39411CA2CEA = {
			children = (
				1058C7A0FEA54F0111CA2CBB,
				1058C7A2FEA54F0111CA2CBB,
			);
			isa = PBXGroup;
			name = Frameworks;
			path = "";
			refType = 4;
			sourceTree = "<group>";
		};
		29B97324FDCFA39411CA2CEA = {
			isa = PBXFileReference;
			lastKnownFileType = wrapper.framework;
			name = AppKit.framework;
			path = /System/Library/Frameworks/AppKit.framework;
			refType = 0;
			sourceTree = "<absolute>";
		};
		29B97325FDCFA39411CA2CEA = {
			isa = PBXFileReference;
			lastKnownFileType = wrapper.framework;
			name = Foundation.framework;
			path = /System/Library/Frameworks/Foundation.framework;
			refType = 0;
			sourceTree = "<absolute>";
		};
//290
//291
//292
//293
//294
//320
//321
//322
//323
//324
		32CA4F630368D1EE00C91783 = {
			fileEncoding = 4;
			isa = PBXFileReference;
			lastKnownFileType = sourcecode.c.h;
			path = CocoaCEDICT_Prefix.pch;
			refType = 4;
			sourceTree = "<group>";
		};
//320
//321
//322
//323
//324
//4A0
//4A1
//4A2
//4A3
//4A4
		4A9504CCFFE6A4B311CA0CBA = {
			buildSettings = {
				COPY_PHASE_STRIP = NO;
				GCC_DYNAMIC_NO_PIC = NO;
				GCC_ENABLE_FIX_AND_CONTINUE = YES;
				GCC_GENERATE_DEBUGGING_SYMBOLS = YES;
				GCC_MODEL_TUNING = G5;
				GCC_OPTIMIZATION_LEVEL = 0;
				PREBINDING = NO;
				ZERO_LINK = YES;
			};
			isa = PBXBuildStyle;
			name = Development;
		};
		4A9504CDFFE6A4B311CA0CBA = {
			buildSettings = {
				COPY_PHASE_STRIP = YES;
				GCC_ENABLE_FIX_AND_CONTINUE = NO;
				GCC_MODEL_TUNING = G5;
				PREBINDING = NO;
				ZERO_LINK = NO;
			};
			isa = PBXBuildStyle;
			name = Deployment;
		};
//4A0
//4A1
//4A2
//4A3
//4A4
//770
//771
//772
//773
//774
		770B37EC0679A11B001EADE2 = {
			fileEncoding = 4;
			isa = PBXFileReference;
			lastKnownFileType = wrapper.xcdatamodel;
			path = CocoaCEDICT_DataModel.xcdatamodel;
			refType = 4;
			sourceTree = "<group>";
		};
		770B37ED0679A11B001EADE2 = {
			fileRef = 770B37EC0679A11B001EADE2;
			isa = PBXBuildFile;
			settings = {
			};
		};
		7756732906782D8800D1FEB8 = {
			children = (
				770B37EC0679A11B001EADE2,
			);
			isa = PBXGroup;
			name = Models;
			refType = 4;
			sourceTree = "<group>";
		};
		77C82804067257F0000B614F = {
			isa = PBXFileReference;
			lastKnownFileType = wrapper.framework;
			name = CoreData.framework;
			path = /System/Library/Frameworks/CoreData.framework;
			refType = 0;
			sourceTree = "<absolute>";
		};
		77C8280B06725ACE000B614F = {
			fileEncoding = 4;
			isa = PBXFileReference;
			lastKnownFileType = sourcecode.c.h;
			path = CocoaCEDICTAppDelegate.h;
			refType = 4;
			sourceTree = "<group>";
		};
		77C8280C06725ACE000B614F = {
			fileEncoding = 4;
			indentWidth = 4;
			isa = PBXFileReference;
			lastKnownFileType = sourcecode.c.objc;
			path = CocoaCEDICTAppDelegate.m;
			refType = 4;
			sourceTree = "<group>";
			tabWidth = 4;
			usesTabs = 1;
		};
		77C8280D06725ACE000B614F = {
			fileRef = 77C8280B06725ACE000B614F;
			isa = PBXBuildFile;
			settings = {
			};
		};
		77C8280E06725ACE000B614F = {
			fileRef = 77C8280C06725ACE000B614F;
			isa = PBXBuildFile;
			settings = {
			};
		};
//770
//771
//772
//773
//774
//8D0
//8D1
//8D2
//8D3
//8D4
		8D1107260486CEB800E47090 = {
			buildPhases = (
				8D1107290486CEB800E47090,
				8D11072C0486CEB800E47090,
				8D11072E0486CEB800E47090,
			);
			buildRules = (
			);
			buildSettings = {
				GCC_ENABLE_OBJC_EXCEPTIONS = YES;
				GCC_GENERATE_DEBUGGING_SYMBOLS = NO;
				GCC_MODEL_TUNING = G5;
				GCC_PRECOMPILE_PREFIX_HEADER = YES;
				GCC_PREFIX_HEADER = CocoaCEDICT_Prefix.pch;
				GCC_WARN_ABOUT_RETURN_TYPE = YES;
				GCC_WARN_UNUSED_VARIABLE = YES;
				INFOPLIST_FILE = Info.plist;
				INSTALL_PATH = "$(HOME)/Applications";
				PREBINDING = NO;
				PRODUCT_NAME = CocoaCEDICT;
				WRAPPER_EXTENSION = app;
			};
			dependencies = (
			);
			isa = PBXNativeTarget;
			name = CocoaCEDICT;
			productInstallPath = "$(HOME)/Applications";
			productName = CocoaCEDICT;
			productReference = 8D1107320486CEB800E47090;
			productType = "com.apple.product-type.application";
		};
		8D1107290486CEB800E47090 = {
			buildActionMask = 2147483647;
			files = (
				8D11072A0486CEB800E47090,
				8D11072B0486CEB800E47090,
				77C8280D06725ACE000B614F,
				0E6E0F4A082992F200D8555F,
				0E6E0F4B082992F200D8555F,
				0E6E0F4C082992F200D8555F,
				0E6E0F4D082992F200D8555F,
				0E6E0F4E082992F200D8555F,
				0E6E0F4F082992F200D8555F,
				0EA04637084401080000ECC7,
				0E27FD6E0847E33800AC3B63,
				0E1F661D084A66A700A77847,
				0E1F6660084A7B0700A77847,
				0EADF36E084BED0E00F0F2F9,
			);
			isa = PBXResourcesBuildPhase;
			runOnlyForDeploymentPostprocessing = 0;
		};
		8D11072A0486CEB800E47090 = {
			fileRef = 29B97318FDCFA39411CA2CEA;
			isa = PBXBuildFile;
			settings = {
			};
		};
		8D11072B0486CEB800E47090 = {
			fileRef = 089C165CFE840E0CC02AAC07;
			isa = PBXBuildFile;
			settings = {
			};
		};
		8D11072C0486CEB800E47090 = {
			buildActionMask = 2147483647;
			files = (
				8D11072D0486CEB800E47090,
				77C8280E06725ACE000B614F,
				770B37ED0679A11B001EADE2,
				0E6E0F42082992C700D8555F,
				0E6E0F43082992C700D8555F,
				0E6C5C8408371AC5002576C8,
				0E6C5C8708371B79002576C8,
				0E27FD8608480F5900AC3B63,
				0E1299840848EF5F003E297A,
				0E129A060848FB32003E297A,
			);
			isa = PBXSourcesBuildPhase;
			runOnlyForDeploymentPostprocessing = 0;
		};
		8D11072D0486CEB800E47090 = {
			fileRef = 29B97316FDCFA39411CA2CEA;
			isa = PBXBuildFile;
			settings = {
				ATTRIBUTES = (
				);
			};
		};
		8D11072E0486CEB800E47090 = {
			buildActionMask = 2147483647;
			files = (
				8D11072F0486CEB800E47090,
			);
			isa = PBXFrameworksBuildPhase;
			runOnlyForDeploymentPostprocessing = 0;
		};
		8D11072F0486CEB800E47090 = {
			fileRef = 1058C7A1FEA54F0111CA2CBB;
			isa = PBXBuildFile;
			settings = {
			};
		};
		8D1107310486CEB800E47090 = {
			fileEncoding = 4;
			isa = PBXFileReference;
			lastKnownFileType = text.plist;
			path = Info.plist;
			refType = 4;
			sourceTree = "<group>";
		};
		8D1107320486CEB800E47090 = {
			explicitFileType = wrapper.application;
			includeInIndex = 0;
			isa = PBXFileReference;
			path = CocoaCEDICT.app;
			refType = 3;
			sourceTree = BUILT_PRODUCTS_DIR;
		};
	};
	rootObject = 29B97313FDCFA39411CA2CEA;
}
